
Microsoft Visual Studio Solution File, Format Version 12.00
# Visual Studio Version 16
VisualStudioVersion = 16.0.30523.141
MinimumVisualStudioVersion = 10.0.40219.1
Project("{FAE04EC0-301F-11D3-BF4B-00C04F79EFBC}") = "ShoppingApi", "ShoppingApi\ShoppingApi.csproj", "{FF977C42-1910-40C8-8D40-CB34568B14DC}"
EndProject
Global
	GlobalSection(SolutionConfigurationPlatforms) = preSolution
		Debug|Any CPU = Debug|Any CPU
		Release|Any CPU = Release|Any CPU
	EndGlobalSection
	GlobalSection(ProjectConfigurationPlatforms) = postSolution
		{FF977C42-1910-40C8-8D40-CB34568B14DC}.Debug|Any CPU.ActiveCfg = Debug|Any CPU
		{FF977C42-1910-40C8-8D40-CB34568B14DC}.Debug|Any CPU.Build.0 = Debug|Any CPU
		{FF977C42-1910-40C8-8D40-CB34568B14DC}.Release|Any CPU.ActiveCfg = Release|Any CPU
		{FF977C42-1910-40C8-8D40-CB34568B14DC}.Release|Any CPU.Build.0 = Release|Any CPU
	EndGlobalSection
	GlobalSection(SolutionProperties) = preSolution
		HideSolutionNode = FALSE
	EndGlobalSection
	GlobalSection(ExtensibilityGlobals) = postSolution
		SolutionGuid = {BF95246F-0780-43F3-AA61-2EDBADEB0DA5}
	EndGlobalSection
EndGlobal
